{
  "name": "Panchakarma",
  "lockfileVersion": 3,
  "requires": true,
  "packages": {
    "": {
      "dependencies": {
        "mern-9562": "^1.0.0"
      }
    },
    "node_modules/mern-9562": {
      "version": "1.0.0",
      "resolved": "https://registry.npmjs.org/mern-9562/-/mern-9562-1.0.0.tgz",
      "integrity": "sha512-3wCpSVwoHpQhtpUKCqJTOoA2prQWI08UBMcmsDbd9Ic15nyxzRE+O0UGUIh6JxN4WSfLITU+EgQqVo368yhrhw==",
      "bin": {
        "mohit": "index.js"
      }
    }
  }
}
